
Microsoft Visual Studio Solution File, Format Version 12.00
# Visual Studio 14
VisualStudioVersion = 14.0.24720.0
MinimumVisualStudioVersion = 10.0.40219.1
Project("{2150E333-8FDC-42A3-9474-1A3956D46DE8}") = "src", "src", "{0C8C5F7E-35F5-4B48-88A1-4E9562755381}"
EndProject
Project("{2150E333-8FDC-42A3-9474-1A3956D46DE8}") = "Solution Items", "Solution Items", "{816890DA-4FCE-4EC7-9D4C-DD1F36C0910D}"
	ProjectSection(SolutionItems) = preProject
		global.json = global.json
	EndProjectSection
EndProject
Project("{8BB2217D-0F2D-49D1-97BC-3654ED321F3B}") = "TodoApi", "src\TodoApi\TodoApi.xproj", "{1101E09D-4761-4AB6-9794-3CF0365A158B}"
EndProject
Global
	GlobalSection(SolutionConfigurationPlatforms) = preSolution
		Debug|Any CPU = Debug|Any CPU
		Release|Any CPU = Release|Any CPU
	EndGlobalSection
	GlobalSection(ProjectConfigurationPlatforms) = postSolution
		{1101E09D-4761-4AB6-9794-3CF0365A158B}.Debug|Any CPU.ActiveCfg = Debug|Any CPU
		{1101E09D-4761-4AB6-9794-3CF0365A158B}.Debug|Any CPU.Build.0 = Debug|Any CPU
		{1101E09D-4761-4AB6-9794-3CF0365A158B}.Release|Any CPU.ActiveCfg = Release|Any CPU
		{1101E09D-4761-4AB6-9794-3CF0365A158B}.Release|Any CPU.Build.0 = Release|Any CPU
	EndGlobalSection
	GlobalSection(SolutionProperties) = preSolution
		HideSolutionNode = FALSE
	EndGlobalSection
	GlobalSection(NestedProjects) = preSolution
		{1101E09D-4761-4AB6-9794-3CF0365A158B} = {0C8C5F7E-35F5-4B48-88A1-4E9562755381}
	EndGlobalSection
EndGlobal
